
Microsoft Visual Studio Solution File, Format Version 12.00
# Visual Studio Version 17
VisualStudioVersion = 17.0.31903.59
MinimumVisualStudioVersion = 10.0.40219.1
Project("{2150E333-8FDC-42A3-9474-1A3956D46DE8}") = "src", "src", "{827E0CD3-B72D-47B6-A68D-7590B98EB39B}"
EndProject
Project("{FAE04EC0-301F-11D3-BF4B-00C04F79EFBC}") = "CodexUsage.Domain", "src\CodexUsage.Domain\CodexUsage.Domain.csproj", "{9E660650-A4D6-41B5-9D42-1512AF384221}"
EndProject
Project("{FAE04EC0-301F-11D3-BF4B-00C04F79EFBC}") = "CodexUsage.Infrastructure", "src\CodexUsage.Infrastructure\CodexUsage.Infrastructure.csproj", "{7A8863A1-B808-4E65-A278-6DAF01B089A3}"
EndProject
Project("{FAE04EC0-301F-11D3-BF4B-00C04F79EFBC}") = "CodexUsage.Application", "src\CodexUsage.Application\CodexUsage.Application.csproj", "{441545DE-B2C2-4E19-A77D-B5B5A2FC132E}"
EndProject
Project("{FAE04EC0-301F-11D3-BF4B-00C04F79EFBC}") = "CodexUsage.App", "src\CodexUsage.App\CodexUsage.App.csproj", "{FEA38708-55CE-4978-9FE2-E53731C3B2F7}"
EndProject
Project("{2150E333-8FDC-42A3-9474-1A3956D46DE8}") = "tests", "tests", "{0AB3BF05-4346-4AA6-1389-037BE0695223}"
EndProject
Project("{FAE04EC0-301F-11D3-BF4B-00C04F79EFBC}") = "CodexUsage.Domain.Tests", "tests\CodexUsage.Domain.Tests\CodexUsage.Domain.Tests.csproj", "{9C98A091-4B9D-4329-9105-B44EF580B189}"
EndProject
Project("{FAE04EC0-301F-11D3-BF4B-00C04F79EFBC}") = "CodexUsage.Infrastructure.Tests", "tests\CodexUsage.Infrastructure.Tests\CodexUsage.Infrastructure.Tests.csproj", "{B6EE5B7D-753B-4879-8579-F8A5E110590E}"
EndProject
Project("{FAE04EC0-301F-11D3-BF4B-00C04F79EFBC}") = "CodexUsage.Application.Tests", "tests\CodexUsage.Application.Tests\CodexUsage.Application.Tests.csproj", "{02AFF206-C4C0-4A22-8FBD-6986F6242C32}"
EndProject
Project("{FAE04EC0-301F-11D3-BF4B-00C04F79EFBC}") = "CodexUsage.App.Tests", "tests\CodexUsage.App.Tests\CodexUsage.App.Tests.csproj", "{594393CF-EA1D-4E75-9CF8-8FD6B38CF527}"
EndProject
Global
	GlobalSection(SolutionConfigurationPlatforms) = preSolution
		Debug|Any CPU = Debug|Any CPU
		Debug|x64 = Debug|x64
		Debug|x86 = Debug|x86
		Release|Any CPU = Release|Any CPU
		Release|x64 = Release|x64
		Release|x86 = Release|x86
	EndGlobalSection
	GlobalSection(ProjectConfigurationPlatforms) = postSolution
		{9E660650-A4D6-41B5-9D42-1512AF384221}.Debug|Any CPU.ActiveCfg = Debug|Any CPU
		{9E660650-A4D6-41B5-9D42-1512AF384221}.Debug|Any CPU.Build.0 = Debug|Any CPU
		{9E660650-A4D6-41B5-9D42-1512AF384221}.Debug|x64.ActiveCfg = Debug|Any CPU
		{9E660650-A4D6-41B5-9D42-1512AF384221}.Debug|x64.Build.0 = Debug|Any CPU
		{9E660650-A4D6-41B5-9D42-1512AF384221}.Debug|x86.ActiveCfg = Debug|Any CPU
		{9E660650-A4D6-41B5-9D42-1512AF384221}.Debug|x86.Build.0 = Debug|Any CPU
		{9E660650-A4D6-41B5-9D42-1512AF384221}.Release|Any CPU.ActiveCfg = Release|Any CPU
		{9E660650-A4D6-41B5-9D42-1512AF384221}.Release|Any CPU.Build.0 = Release|Any CPU
		{9E660650-A4D6-41B5-9D42-1512AF384221}.Release|x64.ActiveCfg = Release|Any CPU
		{9E660650-A4D6-41B5-9D42-1512AF384221}.Release|x64.Build.0 = Release|Any CPU
		{9E660650-A4D6-41B5-9D42-1512AF384221}.Release|x86.ActiveCfg = Release|Any CPU
		{9E660650-A4D6-41B5-9D42-1512AF384221}.Release|x86.Build.0 = Release|Any CPU
		{7A8863A1-B808-4E65-A278-6DAF01B089A3}.Debug|Any CPU.ActiveCfg = Debug|Any CPU
		{7A8863A1-B808-4E65-A278-6DAF01B089A3}.Debug|Any CPU.Build.0 = Debug|Any CPU
		{7A8863A1-B808-4E65-A278-6DAF01B089A3}.Debug|x64.ActiveCfg = Debug|Any CPU
		{7A8863A1-B808-4E65-A278-6DAF01B089A3}.Debug|x64.Build.0 = Debug|Any CPU
		{7A8863A1-B808-4E65-A278-6DAF01B089A3}.Debug|x86.ActiveCfg = Debug|Any CPU
		{7A8863A1-B808-4E65-A278-6DAF01B089A3}.Debug|x86.Build.0 = Debug|Any CPU
		{7A8863A1-B808-4E65-A278-6DAF01B089A3}.Release|Any CPU.ActiveCfg = Release|Any CPU
		{7A8863A1-B808-4E65-A278-6DAF01B089A3}.Release|Any CPU.Build.0 = Release|Any CPU
		{7A8863A1-B808-4E65-A278-6DAF01B089A3}.Release|x64.ActiveCfg = Release|Any CPU
		{7A8863A1-B808-4E65-A278-6DAF01B089A3}.Release|x64.Build.0 = Release|Any CPU
		{7A8863A1-B808-4E65-A278-6DAF01B089A3}.Release|x86.ActiveCfg = Release|Any CPU
		{7A8863A1-B808-4E65-A278-6DAF01B089A3}.Release|x86.Build.0 = Release|Any CPU
		{441545DE-B2C2-4E19-A77D-B5B5A2FC132E}.Debug|Any CPU.ActiveCfg = Debug|Any CPU
		{441545DE-B2C2-4E19-A77D-B5B5A2FC132E}.Debug|Any CPU.Build.0 = Debug|Any CPU
		{441545DE-B2C2-4E19-A77D-B5B5A2FC132E}.Debug|x64.ActiveCfg = Debug|Any CPU
		{441545DE-B2C2-4E19-A77D-B5B5A2FC132E}.Debug|x64.Build.0 = Debug|Any CPU
		{441545DE-B2C2-4E19-A77D-B5B5A2FC132E}.Debug|x86.ActiveCfg = Debug|Any CPU
		{441545DE-B2C2-4E19-A77D-B5B5A2FC132E}.Debug|x86.Build.0 = Debug|Any CPU
		{441545DE-B2C2-4E19-A77D-B5B5A2FC132E}.Release|Any CPU.ActiveCfg = Release|Any CPU
		{441545DE-B2C2-4E19-A77D-B5B5A2FC132E}.Release|Any CPU.Build.0 = Release|Any CPU
		{441545DE-B2C2-4E19-A77D-B5B5A2FC132E}.Release|x64.ActiveCfg = Release|Any CPU
		{441545DE-B2C2-4E19-A77D-B5B5A2FC132E}.Release|x64.Build.0 = Release|Any CPU
		{441545DE-B2C2-4E19-A77D-B5B5A2FC132E}.Release|x86.ActiveCfg = Release|Any CPU
		{441545DE-B2C2-4E19-A77D-B5B5A2FC132E}.Release|x86.Build.0 = Release|Any CPU
		{FEA38708-55CE-4978-9FE2-E53731C3B2F7}.Debug|Any CPU.ActiveCfg = Debug|x64
		{FEA38708-55CE-4978-9FE2-E53731C3B2F7}.Debug|Any CPU.Build.0 = Debug|x64
		{FEA38708-55CE-4978-9FE2-E53731C3B2F7}.Debug|x64.ActiveCfg = Debug|x64
		{FEA38708-55CE-4978-9FE2-E53731C3B2F7}.Debug|x64.Build.0 = Debug|x64
		{FEA38708-55CE-4978-9FE2-E53731C3B2F7}.Debug|x86.ActiveCfg = Debug|x64
		{FEA38708-55CE-4978-9FE2-E53731C3B2F7}.Debug|x86.Build.0 = Debug|x64
		{FEA38708-55CE-4978-9FE2-E53731C3B2F7}.Release|Any CPU.ActiveCfg = Release|x64
		{FEA38708-55CE-4978-9FE2-E53731C3B2F7}.Release|Any CPU.Build.0 = Release|x64
		{FEA38708-55CE-4978-9FE2-E53731C3B2F7}.Release|x64.ActiveCfg = Release|x64
		{FEA38708-55CE-4978-9FE2-E53731C3B2F7}.Release|x64.Build.0 = Release|x64
		{FEA38708-55CE-4978-9FE2-E53731C3B2F7}.Release|x86.ActiveCfg = Release|x64
		{FEA38708-55CE-4978-9FE2-E53731C3B2F7}.Release|x86.Build.0 = Release|x64
		{9C98A091-4B9D-4329-9105-B44EF580B189}.Debug|Any CPU.ActiveCfg = Debug|Any CPU
		{9C98A091-4B9D-4329-9105-B44EF580B189}.Debug|Any CPU.Build.0 = Debug|Any CPU
		{9C98A091-4B9D-4329-9105-B44EF580B189}.Debug|x64.ActiveCfg = Debug|Any CPU
		{9C98A091-4B9D-4329-9105-B44EF580B189}.Debug|x64.Build.0 = Debug|Any CPU
		{9C98A091-4B9D-4329-9105-B44EF580B189}.Debug|x86.ActiveCfg = Debug|Any CPU
		{9C98A091-4B9D-4329-9105-B44EF580B189}.Debug|x86.Build.0 = Debug|Any CPU
		{9C98A091-4B9D-4329-9105-B44EF580B189}.Release|Any CPU.ActiveCfg = Release|Any CPU
		{9C98A091-4B9D-4329-9105-B44EF580B189}.Release|Any CPU.Build.0 = Release|Any CPU
		{9C98A091-4B9D-4329-9105-B44EF580B189}.Release|x64.ActiveCfg = Release|Any CPU
		{9C98A091-4B9D-4329-9105-B44EF580B189}.Release|x64.Build.0 = Release|Any CPU
		{9C98A091-4B9D-4329-9105-B44EF580B189}.Release|x86.ActiveCfg = Release|Any CPU
		{9C98A091-4B9D-4329-9105-B44EF580B189}.Release|x86.Build.0 = Release|Any CPU
		{B6EE5B7D-753B-4879-8579-F8A5E110590E}.Debug|Any CPU.ActiveCfg = Debug|Any CPU
		{B6EE5B7D-753B-4879-8579-F8A5E110590E}.Debug|Any CPU.Build.0 = Debug|Any CPU
		{B6EE5B7D-753B-4879-8579-F8A5E110590E}.Debug|x64.ActiveCfg = Debug|Any CPU
		{B6EE5B7D-753B-4879-8579-F8A5E110590E}.Debug|x64.Build.0 = Debug|Any CPU
		{B6EE5B7D-753B-4879-8579-F8A5E110590E}.Debug|x86.ActiveCfg = Debug|Any CPU
		{B6EE5B7D-753B-4879-8579-F8A5E110590E}.Debug|x86.Build.0 = Debug|Any CPU
		{B6EE5B7D-753B-4879-8579-F8A5E110590E}.Release|Any CPU.ActiveCfg = Release|Any CPU
		{B6EE5B7D-753B-4879-8579-F8A5E110590E}.Release|Any CPU.Build.0 = Release|Any CPU
		{B6EE5B7D-753B-4879-8579-F8A5E110590E}.Release|x64.ActiveCfg = Release|Any CPU
		{B6EE5B7D-753B-4879-8579-F8A5E110590E}.Release|x64.Build.0 = Release|Any CPU
		{B6EE5B7D-753B-4879-8579-F8A5E110590E}.Release|x86.ActiveCfg = Release|Any CPU
		{B6EE5B7D-753B-4879-8579-F8A5E110590E}.Release|x86.Build.0 = Release|Any CPU
		{02AFF206-C4C0-4A22-8FBD-6986F6242C32}.Debug|Any CPU.ActiveCfg = Debug|Any CPU
		{02AFF206-C4C0-4A22-8FBD-6986F6242C32}.Debug|Any CPU.Build.0 = Debug|Any CPU
		{02AFF206-C4C0-4A22-8FBD-6986F6242C32}.Debug|x64.ActiveCfg = Debug|Any CPU
		{02AFF206-C4C0-4A22-8FBD-6986F6242C32}.Debug|x64.Build.0 = Debug|Any CPU
		{02AFF206-C4C0-4A22-8FBD-6986F6242C32}.Debug|x86.ActiveCfg = Debug|Any CPU
		{02AFF206-C4C0-4A22-8FBD-6986F6242C32}.Debug|x86.Build.0 = Debug|Any CPU
		{02AFF206-C4C0-4A22-8FBD-6986F6242C32}.Release|Any CPU.ActiveCfg = Release|Any CPU
		{02AFF206-C4C0-4A22-8FBD-6986F6242C32}.Release|Any CPU.Build.0 = Release|Any CPU
		{02AFF206-C4C0-4A22-8FBD-6986F6242C32}.Release|x64.ActiveCfg = Release|Any CPU
		{02AFF206-C4C0-4A22-8FBD-6986F6242C32}.Release|x64.Build.0 = Release|Any CPU
		{02AFF206-C4C0-4A22-8FBD-6986F6242C32}.Release|x86.ActiveCfg = Release|Any CPU
		{02AFF206-C4C0-4A22-8FBD-6986F6242C32}.Release|x86.Build.0 = Release|Any CPU
		{594393CF-EA1D-4E75-9CF8-8FD6B38CF527}.Debug|Any CPU.ActiveCfg = Debug|x64
		{594393CF-EA1D-4E75-9CF8-8FD6B38CF527}.Debug|Any CPU.Build.0 = Debug|x64
		{594393CF-EA1D-4E75-9CF8-8FD6B38CF527}.Debug|x64.ActiveCfg = Debug|x64
		{594393CF-EA1D-4E75-9CF8-8FD6B38CF527}.Debug|x64.Build.0 = Debug|x64
		{594393CF-EA1D-4E75-9CF8-8FD6B38CF527}.Debug|x86.ActiveCfg = Debug|x64
		{594393CF-EA1D-4E75-9CF8-8FD6B38CF527}.Debug|x86.Build.0 = Debug|x64
		{594393CF-EA1D-4E75-9CF8-8FD6B38CF527}.Release|Any CPU.ActiveCfg = Release|x64
		{594393CF-EA1D-4E75-9CF8-8FD6B38CF527}.Release|Any CPU.Build.0 = Release|x64
		{594393CF-EA1D-4E75-9CF8-8FD6B38CF527}.Release|x64.ActiveCfg = Release|x64
		{594393CF-EA1D-4E75-9CF8-8FD6B38CF527}.Release|x64.Build.0 = Release|x64
		{594393CF-EA1D-4E75-9CF8-8FD6B38CF527}.Release|x86.ActiveCfg = Release|x64
		{594393CF-EA1D-4E75-9CF8-8FD6B38CF527}.Release|x86.Build.0 = Release|x64
	EndGlobalSection
	GlobalSection(SolutionProperties) = preSolution
		HideSolutionNode = FALSE
	EndGlobalSection
	GlobalSection(NestedProjects) = preSolution
		{9E660650-A4D6-41B5-9D42-1512AF384221} = {827E0CD3-B72D-47B6-A68D-7590B98EB39B}
		{7A8863A1-B808-4E65-A278-6DAF01B089A3} = {827E0CD3-B72D-47B6-A68D-7590B98EB39B}
		{441545DE-B2C2-4E19-A77D-B5B5A2FC132E} = {827E0CD3-B72D-47B6-A68D-7590B98EB39B}
		{FEA38708-55CE-4978-9FE2-E53731C3B2F7} = {827E0CD3-B72D-47B6-A68D-7590B98EB39B}
		{9C98A091-4B9D-4329-9105-B44EF580B189} = {0AB3BF05-4346-4AA6-1389-037BE0695223}
		{B6EE5B7D-753B-4879-8579-F8A5E110590E} = {0AB3BF05-4346-4AA6-1389-037BE0695223}
		{02AFF206-C4C0-4A22-8FBD-6986F6242C32} = {0AB3BF05-4346-4AA6-1389-037BE0695223}
		{594393CF-EA1D-4E75-9CF8-8FD6B38CF527} = {0AB3BF05-4346-4AA6-1389-037BE0695223}
	EndGlobalSection
EndGlobal
